
Microsoft Visual Studio Solution File, Format Version 12.00
# Visual Studio Version 17
VisualStudioVersion = 17.5.002.0
MinimumVisualStudioVersion = 10.0.40219.1
Project("{9A19103F-16F7-4668-BE54-9A1E7A4F7556}") = "User_Interface_App", "User_Interface_App.csproj", "{4ECABD10-470A-4816-8600-9117D0C58096}"
EndProject
Global
	GlobalSection(SolutionConfigurationPlatforms) = preSolution
		Debug|Any CPU = Debug|Any CPU
		Release|Any CPU = Release|Any CPU
	EndGlobalSection
	GlobalSection(ProjectConfigurationPlatforms) = postSolution
		{4ECABD10-470A-4816-8600-9117D0C58096}.Debug|Any CPU.ActiveCfg = Debug|Any CPU
		{4ECABD10-470A-4816-8600-9117D0C58096}.Debug|Any CPU.Build.0 = Debug|Any CPU
		{4ECABD10-470A-4816-8600-9117D0C58096}.Release|Any CPU.ActiveCfg = Release|Any CPU
		{4ECABD10-470A-4816-8600-9117D0C58096}.Release|Any CPU.Build.0 = Release|Any CPU
	EndGlobalSection
	GlobalSection(SolutionProperties) = preSolution
		HideSolutionNode = FALSE
	EndGlobalSection
	GlobalSection(ExtensibilityGlobals) = postSolution
		SolutionGuid = {843EFE24-3305-4FAE-83C1-4A17C33B7DE3}
	EndGlobalSection
EndGlobal
